github.com/aws/aws-xray-sdk-go v1.8.5 h1:A/Gc733PHvARkjcAk+fw+0k2RT3O4VSZ+x/3YvAREfc=
github.com/aws/aws-xray-sdk-go v1.8.5/go.mod h1:tDkyLXjXQ+9j49uUrFXhO9cPnpH7qp7PWkEON+KbbKs=
github.com/go-logr/logr v1.4.3 h1:CjnDlHq8ikf6E492q6eKboGOC0T8CDaOvkHCIg8idEI=
github.com/go-logr/logr v1.4.3/go.mod h1:9T104GzyrTigFIr8wt5mBrctHMim0Nb2HLGrmQ40KvY=
github.com/tonglil/buflogr v1.1.1 h1:CKAjOHBSMmgbRFxpn/RhQHPj5oANc7ekhlsoUDvcZIg=
github.com/tonglil/buflogr v1.1.1/go.mod h1:WLLtPRLqcFYWQLbA+ytXy5WrFTYnfA+beg1MpvJCxm4=
